Microsoft Visual Studio Solution File, Format Version 11.00
# Visual Studio 2010
Project("{FAE04EC0-301F-11D3-BF4B-00C04F79EFBC}") = "DXWebApplication1", "DXWebApplication1\DXWebApplication1.csproj", "{BAB7D901-7204-4249-A1D0-7E3F8EB3BFFE}"
EndProject
Global
	GlobalSection(SolutionConfigurationPlatforms) = preSolution
		Debug|Any CPU = Debug|Any CPU
		Release|Any CPU = Release|Any CPU
	EndGlobalSection
	GlobalSection(ProjectConfigurationPlatforms) = postSolution
		{BAB7D901-7204-4249-A1D0-7E3F8EB3BFFE}.Debug|Any CPU.ActiveCfg = Debug|Any CPU
		{BAB7D901-7204-4249-A1D0-7E3F8EB3BFFE}.Debug|Any CPU.Build.0 = Debug|Any CPU
		{BAB7D901-7204-4249-A1D0-7E3F8EB3BFFE}.Release|Any CPU.ActiveCfg = Release|Any CPU
		{BAB7D901-7204-4249-A1D0-7E3F8EB3BFFE}.Release|Any CPU.Build.0 = Release|Any CPU
	EndGlobalSection
	GlobalSection(SolutionProperties) = preSolution
		HideSolutionNode = FALSE
	EndGlobalSection
EndGlobal
