Microsoft Visual Studio Solution File, Format Version 12.00
# Visual Studio Version 16
VisualStudioVersion = 16.0.31729.503
MinimumVisualStudioVersion = 10.0.40219.1
Project("{F184B08F-C81C-45F6-A57F-5ABD9991F28F}") = "DXWebApplication1", "DXWebApplication1\DXWebApplication1.vbproj", "{BAB7D901-7204-4249-A1D0-7E3F8EB3BFFE}"
EndProject
Global
	GlobalSection(SolutionConfigurationPlatforms) = preSolution
		Debug|Any CPU = Debug|Any CPU
		Release|Any CPU = Release|Any CPU
	EndGlobalSection
	GlobalSection(ProjectConfigurationPlatforms) = postSolution
		{BAB7D901-7204-4249-A1D0-7E3F8EB3BFFE}.Debug|Any CPU.ActiveCfg = Debug|Any CPU
		{BAB7D901-7204-4249-A1D0-7E3F8EB3BFFE}.Debug|Any CPU.Build.0 = Debug|Any CPU
		{BAB7D901-7204-4249-A1D0-7E3F8EB3BFFE}.Release|Any CPU.ActiveCfg = Release|Any CPU
		{BAB7D901-7204-4249-A1D0-7E3F8EB3BFFE}.Release|Any CPU.Build.0 = Release|Any CPU
	EndGlobalSection
	GlobalSection(SolutionProperties) = preSolution
		HideSolutionNode = FALSE
	EndGlobalSection
	GlobalSection(ExtensibilityGlobals) = postSolution
		SolutionGuid = {60FF4D0C-1E14-4986-A337-724789B273EA}
	EndGlobalSection
EndGlobal
